
Microsoft Visual Studio Solution File, Format Version 12.00
# Visual Studio Version 17
VisualStudioVersion = 17.13.35818.85 d17.13
MinimumVisualStudioVersion = 10.0.40219.1
Project("{8BC9CEB8-8B4A-11D0-8D11-00A0C91BC942}") = "MT3", "MT3.vcxproj", "{A3655B68-6350-45ED-8BAA-05FA5FF94C91}"
EndProject
Global
	GlobalSection(SolutionConfigurationPlatforms) = preSolution
		Debug|x64 = Debug|x64
		Release|x64 = Release|x64
	EndGlobalSection
	GlobalSection(ProjectConfigurationPlatforms) = postSolution
		{A3655B68-6350-45ED-8BAA-05FA5FF94C91}.Debug|x64.ActiveCfg = Debug|x64
		{A3655B68-6350-45ED-8BAA-05FA5FF94C91}.Debug|x64.Build.0 = Debug|x64
		{A3655B68-6350-45ED-8BAA-05FA5FF94C91}.Release|x64.ActiveCfg = Release|x64
		{A3655B68-6350-45ED-8BAA-05FA5FF94C91}.Release|x64.Build.0 = Release|x64
	EndGlobalSection
	GlobalSection(SolutionProperties) = preSolution
		HideSolutionNode = FALSE
	EndGlobalSection
	GlobalSection(ExtensibilityGlobals) = postSolution
		SolutionGuid = {B9DB3C08-C004-40FF-B9A6-2B4B3F8C21FA}
	EndGlobalSection
EndGlobal
